// !$*UTF8*$!
{
	archiveVersion = 1;
	classes = {
	};
	objectVersion = 50;
	objects = {

/* Begin PBXBuildFile section */
		62AA99F22549C542000B8E96 /* AppDelegate.swift in Sources */ = {isa = PBXBuildFile; fileRef = 62AA99F12549C542000B8E96 /* AppDelegate.swift */; };
		62AA99F42549C542000B8E96 /* SceneDelegate.swift in Sources */ = {isa = PBXBuildFile; fileRef = 62AA99F32549C542000B8E96 /* SceneDelegate.swift */; };
		62AA99F62549C542000B8E96 /* ViewController.swift in Sources */ = {isa = PBXBuildFile; fileRef = 62AA99F52549C542000B8E96 /* ViewController.swift */; };
		62AA99F92549C542000B8E96 /* Main.storyboard in Resources */ = {isa = PBXBuildFile; fileRef = 62AA99F72549C542000B8E96 /* Main.storyboard */; };
		62AA99FB2549C543000B8E96 /* Assets.xcassets in Resources */ = {isa = PBXBuildFile; fileRef = 62AA99FA2549C543000B8E96 /* Assets.xcassets */; };
		62AA99FE2549C543000B8E96 /* LaunchScreen.storyboard in Resources */ = {isa = PBXBuildFile; fileRef = 62AA99FC2549C543000B8E96 /* LaunchScreen.storyboard */; };
		62AA9A072549C684000B8E96 /* GameStatus.swift in Sources */ = {isa = PBXBuildFile; fileRef = 62AA9A062549C684000B8E96 /* GameStatus.swift */; };
		62AA9A0A2549C698000B8E96 /* Game.swift in Sources */ = {isa = PBXBuildFile; fileRef = 62AA9A092549C698000B8E96 /* Game.swift */; };
/* End PBXBuildFile section */

/* Begin PBXFileReference section */
		62AA99EE2549C542000B8E96 /* TP3.app */ = {isa = PBXFileReference; explicitFileType = wrapper.application; includeInIndex = 0; path = TP3.app; sourceTree = BUILT_PRODUCTS_DIR; };
		62AA99F12549C542000B8E96 /* AppDelegate.swift */ = {isa = PBXFileReference; lastKnownFileType = sourcecode.swift; path = AppDelegate.swift; sourceTree = "<group>"; };
		62AA99F32549C542000B8E96 /* SceneDelegate.swift */ = {isa = PBXFileReference; lastKnownFileType = sourcecode.swift; path = SceneDelegate.swift; sourceTree = "<group>"; };
		62AA99F52549C542000B8E96 /* ViewController.swift */ = {isa = PBXFileReference; lastKnownFileType = sourcecode.swift; path = ViewController.swift; sourceTree = "<group>"; };
		62AA99F82549C542000B8E96 /* Base */ = {isa = PBXFileReference; lastKnownFileType = file.storyboard; name = Base; path = Base.lproj/Main.storyboard; sourceTree = "<group>"; };
		62AA99FA2549C543000B8E96 /* Assets.xcassets */ = {isa = PBXFileReference; lastKnownFileType = folder.assetcatalog; path = Assets.xcassets; sourceTree = "<group>"; };
		62AA99FD2549C543000B8E96 /* Base */ = {isa = PBXFileReference; lastKnownFileType = file.storyboard; name = Base; path = Base.lproj/LaunchScreen.storyboard; sourceTree = "<group>"; };
		62AA99FF2549C543000B8E96 /* Info.plist */ = {isa = PBXFileReference; lastKnownFileType = text.plist.xml; path = Info.plist; sourceTree = "<group>"; };
		62AA9A062549C684000B8E96 /* GameStatus.swift */ = {isa = PBXFileReference; lastKnownFileType = sourcecode.swift; path = GameStatus.swift; sourceTree = "<group>"; };
		62AA9A092549C698000B8E96 /* Game.swift */ = {isa = PBXFileReference; lastKnownFileType = sourcecode.swift; path = Game.swift; sourceTree = "<group>"; };
/* End PBXFileReference section */

/* Begin PBXFrameworksBuildPhase section */
		62AA99EB2549C542000B8E96 /* Frameworks */ = {
			isa = PBXFrameworksBuildPhase;
			buildActionMask = 2147483647;
			files = (
			);
			runOnlyForDeploymentPostprocessing = 0;
		};
/* End PBXFrameworksBuildPhase section */

/* Begin PBXGroup section */
		62AA99E52549C542000B8E96 = {
			isa = PBXGroup;
			children = (
				62AA99F02549C542000B8E96 /* TP3 */,
				62AA99EF2549C542000B8E96 /* Products */,
			);
			sourceTree = "<group>";
		};
		62AA99EF2549C542000B8E96 /* Products */ = {
			isa = PBXGroup;
			children = (
				62AA99EE2549C542000B8E96 /* TP3.app */,
			);
			name = Products;
			sourceTree = "<group>";
		};
		62AA99F02549C542000B8E96 /* TP3 */ = {
			isa = PBXGroup;
			children = (
				62AA99F12549C542000B8E96 /* AppDelegate.swift */,
				62AA99F32549C542000B8E96 /* SceneDelegate.swift */,
				62AA99F52549C542000B8E96 /* ViewController.swift */,
				62AA99F72549C542000B8E96 /* Main.storyboard */,
				62AA99FA2549C543000B8E96 /* Assets.xcassets */,
				62AA99FC2549C543000B8E96 /* LaunchScreen.storyboard */,
				62AA99FF2549C543000B8E96 /* Info.plist */,
				62AA9A062549C684000B8E96 /* GameStatus.swift */,
				62AA9A092549C698000B8E96 /* Game.swift */,
			);
			path = TP3;
			sourceTree = "<group>";
		};
/* End PBXGroup section */

/* Begin PBXNativeTarget section */
		62AA99ED2549C542000B8E96 /* TP3 */ = {
			isa = PBXNativeTarget;
			buildConfigurationList = 62AA9A022549C543000B8E96 /* Build configuration list for PBXNativeTarget "TP3" */;
			buildPhases = (
				62AA99EA2549C542000B8E96 /* Sources */,
				62AA99EB2549C542000B8E96 /* Frameworks */,
				62AA99EC2549C542000B8E96 /* Resources */,
			);
			buildRules = (
			);
			dependencies = (
			);
			name = TP3;
			productName = TP3;
			productReference = 62AA99EE2549C542000B8E96 /* TP3.app */;
			productType = "com.apple.product-type.application";
		};
/* End PBXNativeTarget section */

/* Begin PBXProject section */
		62AA99E62549C542000B8E96 /* Project object */ = {
			isa = PBXProject;
			attributes = {
				LastSwiftUpdateCheck = 1210;
				LastUpgradeCheck = 1210;
				TargetAttributes = {
					62AA99ED2549C542000B8E96 = {
						CreatedOnToolsVersion = 12.1;
					};
				};
			};
			buildConfigurationList = 62AA99E92549C542000B8E96 /* Build configuration list for PBXProject "TP3" */;
			compatibilityVersion = "Xcode 9.3";
			developmentRegion = en;
			hasScannedForEncodings = 0;
			knownRegions = (
				en,
				Base,
			);
			mainGroup = 62AA99E52549C542000B8E96;
			productRefGroup = 62AA99EF2549C542000B8E96 /* Products */;
			projectDirPath = "";
			projectRoot = "";
			targets = (
				62AA99ED2549C542000B8E96 /* TP3 */,
			);
		};
/* End PBXProject section */

/* Begin PBXResourcesBuildPhase section */
		62AA99EC2549C542000B8E96 /* Resources */ = {
			isa = PBXResourcesBuildPhase;
			buildActionMask = 2147483647;
			files = (
				62AA99FE2549C543000B8E96 /* LaunchScreen.storyboard in Resources */,
				62AA99FB2549C543000B8E96 /* Assets.xcassets in Resources */,
				62AA99F92549C542000B8E96 /* Main.storyboard in Resources */,
			);
			runOnlyForDeploymentPostprocessing = 0;
		};
/* End PBXResourcesBuildPhase section */

/* Begin PBXSourcesBuildPhase section */
		62AA99EA2549C542000B8E96 /* Sources */ = {
			isa = PBXSourcesBuildPhase;
			buildActionMask = 2147483647;
			files = (
				62AA99F62549C542000B8E96 /* ViewController.swift in Sources */,
				62AA9A0A2549C698000B8E96 /* Game.swift in Sources */,
				62AA9A072549C684000B8E96 /* GameStatus.swift in Sources */,
				62AA99F22549C542000B8E96 /* AppDelegate.swift in Sources */,
				62AA99F42549C542000B8E96 /* SceneDelegate.swift in Sources */,
			);
			runOnlyForDeploymentPostprocessing = 0;
		};
/* End PBXSourcesBuildPhase section */

/* Begin PBXVariantGroup section */
		62AA99F72549C542000B8E96 /* Main.storyboard */ = {
			isa = PBXVariantGroup;
			children = (
				62AA99F82549C542000B8E96 /* Base */,
			);
			name = Main.storyboard;
			sourceTree = "<group>";
		};
		62AA99FC2549C543000B8E96 /* LaunchScreen.storyboard */ = {
			isa = PBXVariantGroup;
			children = (
				62AA99FD2549C543000B8E96 /* Base */,
			);
			name = LaunchScreen.storyboard;
			sourceTree = "<group>";
		};
/* End PBXVariantGroup section */

/* Begin XCBuildConfiguration section */
		62AA9A002549C543000B8E96 /* Debug */ = {
			isa = XCBuildConfiguration;
			buildSettings = {
				ALWAYS_SEARCH_USER_PATHS = NO;
				CLANG_ANALYZER_NONNULL = YES;
				CLANG_ANALYZER_NUMBER_OBJECT_CONVERSION = YES_AGGRESSIVE;
				CLANG_CXX_LANGUAGE_STANDARD = "gnu++14";
				CLANG_CXX_LIBRARY = "libc++";
				CLANG_ENABLE_MODULES = YES;
				CLANG_ENABLE_OBJC_ARC = YES;
				CLANG_ENABLE_OBJC_WEAK = YES;
				CLANG_WARN_BLOCK_CAPTURE_AUTORELEASING = YES;
				CLANG_WARN_BOOL_CONVERSION = YES;
				CLANG_WARN_COMMA = YES;
				CLANG_WARN_CONSTANT_CONVERSION = YES;
				CLANG_WARN_DEPRECATED_OBJC_IMPLEMENTATIONS = YES;
				CLANG_WARN_DIRECT_OBJC_ISA_USAGE = YES_ERROR;
				CLANG_WARN_DOCUMENTATION_COMMENTS = YES;
				CLANG_WARN_EMPTY_BODY = YES;
				CLANG_WARN_ENUM_CONVERSION = YES;
				CLANG_WARN_INFINITE_RECURSION = YES;
				CLANG_WARN_INT_CONVERSION = YES;
				CLANG_WARN_NON_LITERAL_NULL_CONVERSION = YES;
				CLANG_WARN_OBJC_IMPLICIT_RETAIN_SELF = YES;
				CLANG_WARN_OBJC_LITERAL_CONVERSION = YES;
				CLANG_WARN_OBJC_ROOT_CLASS = YES_ERROR;
				CLANG_WARN_QUOTED_INCLUDE_IN_FRAMEWORK_HEADER = YES;
				CLANG_WARN_RANGE_LOOP_ANALYSIS = YES;
				CLANG_WARN_STRICT_PROTOTYPES = YES;
				CLANG_WARN_SUSPICIOUS_MOVE = YES;
				CLANG_WARN_UNGUARDED_AVAILABILITY = YES_AGGRESSIVE;
				CLANG_WARN_UNREACHABLE_CODE = YES;
				CLANG_WARN__DUPLICATE_METHOD_MATCH = YES;
				COPY_PHASE_STRIP = NO;
				DEBUG_INFORMATION_FORMAT = dwarf;
				ENABLE_STRICT_OBJC_MSGSEND = YES;
				ENABLE_TESTABILITY = YES;
				GCC_C_LANGUAGE_STANDARD = gnu11;
				GCC_DYNAMIC_NO_PIC = NO;
				GCC_NO_COMMON_BLOCKS = YES;
				GCC_OPTIMIZATION_LEVEL = 0;
				GCC_PREPROCESSOR_DEFINITIONS = (
					"DEBUG=1",
					"$(inherited)",
				);
				GCC_WARN_64_TO_32_BIT_CONVERSION = YES;
				GCC_WARN_ABOUT_RETURN_TYPE = YES_ERROR;
				GCC_WARN_UNDECLARED_SELECTOR = YES;
				GCC_WARN_UNINITIALIZED_AUTOS = YES_AGGRESSIVE;
				GCC_WARN_UNUSED_FUNCTION = YES;
				GCC_WARN_UNUSED_VARIABLE = YES;
				IPHONEOS_DEPLOYMENT_TARGET = 14.1;
				MTL_ENABLE_DEBUG_INFO = INCLUDE_SOURCE;
				MTL_FAST_MATH = YES;
				ONLY_ACTIVE_ARCH = YES;
				SDKROOT = iphoneos;
				SWIFT_ACTIVE_COMPILATION_CONDITIONS = DEBUG;
				SWIFT_OPTIMIZATION_LEVEL = "-Onone";
			};
			name = Debug;
		};
		62AA9A012549C543000B8E96 /* Release */ = {
			isa = XCBuildConfiguration;
			buildSettings = {
				ALWAYS_SEARCH_USER_PATHS = NO;
				CLANG_ANALYZER_NONNULL = YES;
				CLANG_ANALYZER_NUMBER_OBJECT_CONVERSION = YES_AGGRESSIVE;
				CLANG_CXX_LANGUAGE_STANDARD = "gnu++14";
				CLANG_CXX_LIBRARY = "libc++";
				CLANG_ENABLE_MODULES = YES;
				CLANG_ENABLE_OBJC_ARC = YES;
				CLANG_ENABLE_OBJC_WEAK = YES;
				CLANG_WARN_BLOCK_CAPTURE_AUTORELEASING = YES;
				CLANG_WARN_BOOL_CONVERSION = YES;
				CLANG_WARN_COMMA = YES;
				CLANG_WARN_CONSTANT_CONVERSION = YES;
				CLANG_WARN_DEPRECATED_OBJC_IMPLEMENTATIONS = YES;
				CLANG_WARN_DIRECT_OBJC_ISA_USAGE = YES_ERROR;
				CLANG_WARN_DOCUMENTATION_COMMENTS = YES;
				CLANG_WARN_EMPTY_BODY = YES;
				CLANG_WARN_ENUM_CONVERSION = YES;
				CLANG_WARN_INFINITE_RECURSION = YES;
				CLANG_WARN_INT_CONVERSION = YES;
				CLANG_WARN_NON_LITERAL_NULL_CONVERSION = YES;
				CLANG_WARN_OBJC_IMPLICIT_RETAIN_SELF = YES;
				CLANG_WARN_OBJC_LITERAL_CONVERSION = YES;
				CLANG_WARN_OBJC_ROOT_CLASS = YES_ERROR;
				CLANG_WARN_QUOTED_INCLUDE_IN_FRAMEWORK_HEADER = YES;
				CLANG_WARN_RANGE_LOOP_ANALYSIS = YES;
				CLANG_WARN_STRICT_PROTOTYPES = YES;
				CLANG_WARN_SUSPICIOUS_MOVE = YES;
				CLANG_WARN_UNGUARDED_AVAILABILITY = YES_AGGRESSIVE;
				CLANG_WARN_UNREACHABLE_CODE = YES;
				CLANG_WARN__DUPLICATE_METHOD_MATCH = YES;
				COPY_PHASE_STRIP = NO;
				DEBUG_INFORMATION_FORMAT = "dwarf-with-dsym";
				ENABLE_NS_ASSERTIONS = NO;
				ENABLE_STRICT_OBJC_MSGSEND = YES;
				GCC_C_LANGUAGE_STANDARD = gnu11;
				GCC_NO_COMMON_BLOCKS = YES;
				GCC_WARN_64_TO_32_BIT_CONVERSION = YES;
				GCC_WARN_ABOUT_RETURN_TYPE = YES_ERROR;
				GCC_WARN_UNDECLARED_SELECTOR = YES;
				GCC_WARN_UNINITIALIZED_AUTOS = YES_AGGRESSIVE;
				GCC_WARN_UNUSED_FUNCTION = YES;
				GCC_WARN_UNUSED_VARIABLE = YES;
				IPHONEOS_DEPLOYMENT_TARGET = 14.1;
				MTL_ENABLE_DEBUG_INFO = NO;
				MTL_FAST_MATH = YES;
				SDKROOT = iphoneos;
				SWIFT_COMPILATION_MODE = wholemodule;
				SWIFT_OPTIMIZATION_LEVEL = "-O";
				VALIDATE_PRODUCT = YES;
			};
			name = Release;
		};
		62AA9A032549C543000B8E96 /* Debug */ = {
			isa = XCBuildConfiguration;
			buildSettings = {
				ASSETCATALOG_COMPILER_APPICON_NAME = AppIcon;
				ASSETCATALOG_COMPILER_GLOBAL_ACCENT_COLOR_NAME = AccentColor;
				CODE_SIGN_STYLE = Automatic;
				INFOPLIST_FILE = TP3/Info.plist;
				LD_RUNPATH_SEARCH_PATHS = (
					"$(inherited)",
					"@executable_path/Frameworks",
				);
				PRODUCT_BUNDLE_IDENTIFIER = com.bigsool.TP3;
				PRODUCT_NAME = "$(TARGET_NAME)";
				SWIFT_VERSION = 5.0;
				TARGETED_DEVICE_FAMILY = "1,2";
			};
			name = Debug;
		};
		62AA9A042549C543000B8E96 /* Release */ = {
			isa = XCBuildConfiguration;
			buildSettings = {
				ASSETCATALOG_COMPILER_APPICON_NAME = AppIcon;
				ASSETCATALOG_COMPILER_GLOBAL_ACCENT_COLOR_NAME = AccentColor;
				CODE_SIGN_STYLE = Automatic;
				INFOPLIST_FILE = TP3/Info.plist;
				LD_RUNPATH_SEARCH_PATHS = (
					"$(inherited)",
					"@executable_path/Frameworks",
				);
				PRODUCT_BUNDLE_IDENTIFIER = com.bigsool.TP3;
				PRODUCT_NAME = "$(TARGET_NAME)";
				SWIFT_VERSION = 5.0;
				TARGETED_DEVICE_FAMILY = "1,2";
			};
			name = Release;
		};
/* End XCBuildConfiguration section */

/* Begin XCConfigurationList section */
		62AA99E92549C542000B8E96 /* Build configuration list for PBXProject "TP3" */ = {
			isa = XCConfigurationList;
			buildConfigurations = (
				62AA9A002549C543000B8E96 /* Debug */,
				62AA9A012549C543000B8E96 /* Release */,
			);
			defaultConfigurationIsVisible = 0;
			defaultConfigurationName = Release;
		};
		62AA9A022549C543000B8E96 /* Build configuration list for PBXNativeTarget "TP3" */ = {
			isa = XCConfigurationList;
			buildConfigurations = (
				62AA9A032549C543000B8E96 /* Debug */,
				62AA9A042549C543000B8E96 /* Release */,
			);
			defaultConfigurationIsVisible = 0;
			defaultConfigurationName = Release;
		};
/* End XCConfigurationList section */
	};
	rootObject = 62AA99E62549C542000B8E96 /* Project object */;
}
